
Microsoft Visual Studio Solution File, Format Version 12.00
# Visual Studio Version 17
VisualStudioVersion = 17.3.32819.101
MinimumVisualStudioVersion = 10.0.40219.1
Project("{9A19103F-16F7-4668-BE54-9A1E7A4F7556}") = "Uppgift 1-7", "MyFirstApp\Uppgift 1-7.csproj", "{70C3C517-15C9-4CA9-9A70-3D658137573C}"
EndProject
Project("{9A19103F-16F7-4668-BE54-9A1E7A4F7556}") = "Uppgift 8", "Uppgift 8\Uppgift 8.csproj", "{CF78BEAC-1934-4607-87B6-6FE639D46720}"
EndProject
Project("{9A19103F-16F7-4668-BE54-9A1E7A4F7556}") = "Uppgift 9", "Uppgift 9\Uppgift 9.csproj", "{5EA7E168-B2D8-4535-A458-E5EAF6A7411D}"
EndProject
Project("{9A19103F-16F7-4668-BE54-9A1E7A4F7556}") = "Uppgift 10", "Uppgift 10\Uppgift 10.csproj", "{4CF93017-9DD1-452C-8654-ED04D83755BD}"
EndProject
Project("{9A19103F-16F7-4668-BE54-9A1E7A4F7556}") = "Uppgift 11", "Uppgift 11\Uppgift 11.csproj", "{8354DA28-3B9A-4B3E-A376-3156EDE07818}"
EndProject
Project("{9A19103F-16F7-4668-BE54-9A1E7A4F7556}") = "Uppgift 12", "Uppgift 12\Uppgift 12.csproj", "{F53FEA3E-8BC9-48C7-B519-534492129BF2}"
EndProject
Project("{9A19103F-16F7-4668-BE54-9A1E7A4F7556}") = "Uppgift 13", "Uppgift 13\Uppgift 13.csproj", "{2EB2822A-BE0B-4D72-A3A9-3741F31EC6AE}"
EndProject
Project("{9A19103F-16F7-4668-BE54-9A1E7A4F7556}") = "Uppgift 14", "Uppgift 14\Uppgift 14.csproj", "{16DEB80C-137F-4DBA-84F5-FEB777ED8AF7}"
EndProject
Project("{9A19103F-16F7-4668-BE54-9A1E7A4F7556}") = "Uppgift 15", "Uppgift 15\Uppgift 15.csproj", "{6D6A0558-D9AC-4FD4-996D-5AB3A7206055}"
EndProject
Project("{9A19103F-16F7-4668-BE54-9A1E7A4F7556}") = "Uppgift 16", "Uppgift 16\Uppgift 16.csproj", "{78169464-44D9-46C7-8057-9E2E65905F70}"
EndProject
Project("{9A19103F-16F7-4668-BE54-9A1E7A4F7556}") = "Uppgift 17", "Uppgift 17\Uppgift 17.csproj", "{03830E33-65CD-4934-8BDA-FAA9979907E9}"
EndProject
Project("{9A19103F-16F7-4668-BE54-9A1E7A4F7556}") = "Uppgift 18", "Uppgift 18\Uppgift 18.csproj", "{34899D8B-2DEB-4B6C-AF73-7FD43D5B605D}"
EndProject
Project("{9A19103F-16F7-4668-BE54-9A1E7A4F7556}") = "Uppgift 19", "Uppgift 19\Uppgift 19.csproj", "{7B26411D-5897-442B-B78F-D7EBED3246E5}"
EndProject
Project("{9A19103F-16F7-4668-BE54-9A1E7A4F7556}") = "Uppgift 20", "Uppgift 20\Uppgift 20.csproj", "{4534435F-F4AE-49AC-8EF0-9EB22A5A7F9E}"
EndProject
Project("{9A19103F-16F7-4668-BE54-9A1E7A4F7556}") = "Uppgift 21", "Uppgift 21\Uppgift 21.csproj", "{BDB7CBF7-A494-47C6-A8D8-CA95A3699F64}"
EndProject
Project("{9A19103F-16F7-4668-BE54-9A1E7A4F7556}") = "Uppgift 22", "Uppgift 22\Uppgift 22.csproj", "{6F5FE152-A00C-47FC-9F54-CAB46BC7B82E}"
EndProject
Project("{FAE04EC0-301F-11D3-BF4B-00C04F79EFBC}") = "Uppgift 23", "Uppgift 23\Uppgift 23.csproj", "{DD8CC770-76E8-46E5-BAA0-F55444F80EEB}"
EndProject
Global
	GlobalSection(SolutionConfigurationPlatforms) = preSolution
		Debug|Any CPU = Debug|Any CPU
		Release|Any CPU = Release|Any CPU
	EndGlobalSection
	GlobalSection(ProjectConfigurationPlatforms) = postSolution
		{70C3C517-15C9-4CA9-9A70-3D658137573C}.Debug|Any CPU.ActiveCfg = Debug|Any CPU
		{70C3C517-15C9-4CA9-9A70-3D658137573C}.Debug|Any CPU.Build.0 = Debug|Any CPU
		{70C3C517-15C9-4CA9-9A70-3D658137573C}.Release|Any CPU.ActiveCfg = Release|Any CPU
		{70C3C517-15C9-4CA9-9A70-3D658137573C}.Release|Any CPU.Build.0 = Release|Any CPU
		{CF78BEAC-1934-4607-87B6-6FE639D46720}.Debug|Any CPU.ActiveCfg = Debug|Any CPU
		{CF78BEAC-1934-4607-87B6-6FE639D46720}.Debug|Any CPU.Build.0 = Debug|Any CPU
		{CF78BEAC-1934-4607-87B6-6FE639D46720}.Release|Any CPU.ActiveCfg = Release|Any CPU
		{CF78BEAC-1934-4607-87B6-6FE639D46720}.Release|Any CPU.Build.0 = Release|Any CPU
		{5EA7E168-B2D8-4535-A458-E5EAF6A7411D}.Debug|Any CPU.ActiveCfg = Debug|Any CPU
		{5EA7E168-B2D8-4535-A458-E5EAF6A7411D}.Debug|Any CPU.Build.0 = Debug|Any CPU
		{5EA7E168-B2D8-4535-A458-E5EAF6A7411D}.Release|Any CPU.ActiveCfg = Release|Any CPU
		{5EA7E168-B2D8-4535-A458-E5EAF6A7411D}.Release|Any CPU.Build.0 = Release|Any CPU
		{4CF93017-9DD1-452C-8654-ED04D83755BD}.Debug|Any CPU.ActiveCfg = Debug|Any CPU
		{4CF93017-9DD1-452C-8654-ED04D83755BD}.Debug|Any CPU.Build.0 = Debug|Any CPU
		{4CF93017-9DD1-452C-8654-ED04D83755BD}.Release|Any CPU.ActiveCfg = Release|Any CPU
		{4CF93017-9DD1-452C-8654-ED04D83755BD}.Release|Any CPU.Build.0 = Release|Any CPU
		{8354DA28-3B9A-4B3E-A376-3156EDE07818}.Debug|Any CPU.ActiveCfg = Debug|Any CPU
		{8354DA28-3B9A-4B3E-A376-3156EDE07818}.Debug|Any CPU.Build.0 = Debug|Any CPU
		{8354DA28-3B9A-4B3E-A376-3156EDE07818}.Release|Any CPU.ActiveCfg = Release|Any CPU
		{8354DA28-3B9A-4B3E-A376-3156EDE07818}.Release|Any CPU.Build.0 = Release|Any CPU
		{F53FEA3E-8BC9-48C7-B519-534492129BF2}.Debug|Any CPU.ActiveCfg = Debug|Any CPU
		{F53FEA3E-8BC9-48C7-B519-534492129BF2}.Debug|Any CPU.Build.0 = Debug|Any CPU
		{F53FEA3E-8BC9-48C7-B519-534492129BF2}.Release|Any CPU.ActiveCfg = Release|Any CPU
		{F53FEA3E-8BC9-48C7-B519-534492129BF2}.Release|Any CPU.Build.0 = Release|Any CPU
		{2EB2822A-BE0B-4D72-A3A9-3741F31EC6AE}.Debug|Any CPU.ActiveCfg = Debug|Any CPU
		{2EB2822A-BE0B-4D72-A3A9-3741F31EC6AE}.Debug|Any CPU.Build.0 = Debug|Any CPU
		{2EB2822A-BE0B-4D72-A3A9-3741F31EC6AE}.Release|Any CPU.ActiveCfg = Release|Any CPU
		{2EB2822A-BE0B-4D72-A3A9-3741F31EC6AE}.Release|Any CPU.Build.0 = Release|Any CPU
		{16DEB80C-137F-4DBA-84F5-FEB777ED8AF7}.Debug|Any CPU.ActiveCfg = Debug|Any CPU
		{16DEB80C-137F-4DBA-84F5-FEB777ED8AF7}.Debug|Any CPU.Build.0 = Debug|Any CPU
		{16DEB80C-137F-4DBA-84F5-FEB777ED8AF7}.Release|Any CPU.ActiveCfg = Release|Any CPU
		{16DEB80C-137F-4DBA-84F5-FEB777ED8AF7}.Release|Any CPU.Build.0 = Release|Any CPU
		{6D6A0558-D9AC-4FD4-996D-5AB3A7206055}.Debug|Any CPU.ActiveCfg = Debug|Any CPU
		{6D6A0558-D9AC-4FD4-996D-5AB3A7206055}.Debug|Any CPU.Build.0 = Debug|Any CPU
		{6D6A0558-D9AC-4FD4-996D-5AB3A7206055}.Release|Any CPU.ActiveCfg = Release|Any CPU
		{6D6A0558-D9AC-4FD4-996D-5AB3A7206055}.Release|Any CPU.Build.0 = Release|Any CPU
		{78169464-44D9-46C7-8057-9E2E65905F70}.Debug|Any CPU.ActiveCfg = Debug|Any CPU
		{78169464-44D9-46C7-8057-9E2E65905F70}.Debug|Any CPU.Build.0 = Debug|Any CPU
		{78169464-44D9-46C7-8057-9E2E65905F70}.Release|Any CPU.ActiveCfg = Release|Any CPU
		{78169464-44D9-46C7-8057-9E2E65905F70}.Release|Any CPU.Build.0 = Release|Any CPU
		{03830E33-65CD-4934-8BDA-FAA9979907E9}.Debug|Any CPU.ActiveCfg = Debug|Any CPU
		{03830E33-65CD-4934-8BDA-FAA9979907E9}.Debug|Any CPU.Build.0 = Debug|Any CPU
		{03830E33-65CD-4934-8BDA-FAA9979907E9}.Release|Any CPU.ActiveCfg = Release|Any CPU
		{03830E33-65CD-4934-8BDA-FAA9979907E9}.Release|Any CPU.Build.0 = Release|Any CPU
		{34899D8B-2DEB-4B6C-AF73-7FD43D5B605D}.Debug|Any CPU.ActiveCfg = Debug|Any CPU
		{34899D8B-2DEB-4B6C-AF73-7FD43D5B605D}.Debug|Any CPU.Build.0 = Debug|Any CPU
		{34899D8B-2DEB-4B6C-AF73-7FD43D5B605D}.Release|Any CPU.ActiveCfg = Release|Any CPU
		{34899D8B-2DEB-4B6C-AF73-7FD43D5B605D}.Release|Any CPU.Build.0 = Release|Any CPU
		{7B26411D-5897-442B-B78F-D7EBED3246E5}.Debug|Any CPU.ActiveCfg = Debug|Any CPU
		{7B26411D-5897-442B-B78F-D7EBED3246E5}.Debug|Any CPU.Build.0 = Debug|Any CPU
		{7B26411D-5897-442B-B78F-D7EBED3246E5}.Release|Any CPU.ActiveCfg = Release|Any CPU
		{7B26411D-5897-442B-B78F-D7EBED3246E5}.Release|Any CPU.Build.0 = Release|Any CPU
		{4534435F-F4AE-49AC-8EF0-9EB22A5A7F9E}.Debug|Any CPU.ActiveCfg = Debug|Any CPU
		{4534435F-F4AE-49AC-8EF0-9EB22A5A7F9E}.Debug|Any CPU.Build.0 = Debug|Any CPU
		{4534435F-F4AE-49AC-8EF0-9EB22A5A7F9E}.Release|Any CPU.ActiveCfg = Release|Any CPU
		{4534435F-F4AE-49AC-8EF0-9EB22A5A7F9E}.Release|Any CPU.Build.0 = Release|Any CPU
		{BDB7CBF7-A494-47C6-A8D8-CA95A3699F64}.Debug|Any CPU.ActiveCfg = Debug|Any CPU
		{BDB7CBF7-A494-47C6-A8D8-CA95A3699F64}.Debug|Any CPU.Build.0 = Debug|Any CPU
		{BDB7CBF7-A494-47C6-A8D8-CA95A3699F64}.Release|Any CPU.ActiveCfg = Release|Any CPU
		{BDB7CBF7-A494-47C6-A8D8-CA95A3699F64}.Release|Any CPU.Build.0 = Release|Any CPU
		{6F5FE152-A00C-47FC-9F54-CAB46BC7B82E}.Debug|Any CPU.ActiveCfg = Debug|Any CPU
		{6F5FE152-A00C-47FC-9F54-CAB46BC7B82E}.Debug|Any CPU.Build.0 = Debug|Any CPU
		{6F5FE152-A00C-47FC-9F54-CAB46BC7B82E}.Release|Any CPU.ActiveCfg = Release|Any CPU
		{6F5FE152-A00C-47FC-9F54-CAB46BC7B82E}.Release|Any CPU.Build.0 = Release|Any CPU
		{DD8CC770-76E8-46E5-BAA0-F55444F80EEB}.Debug|Any CPU.ActiveCfg = Debug|Any CPU
		{DD8CC770-76E8-46E5-BAA0-F55444F80EEB}.Debug|Any CPU.Build.0 = Debug|Any CPU
		{DD8CC770-76E8-46E5-BAA0-F55444F80EEB}.Release|Any CPU.ActiveCfg = Release|Any CPU
		{DD8CC770-76E8-46E5-BAA0-F55444F80EEB}.Release|Any CPU.Build.0 = Release|Any CPU
	EndGlobalSection
	GlobalSection(SolutionProperties) = preSolution
		HideSolutionNode = FALSE
	EndGlobalSection
	GlobalSection(ExtensibilityGlobals) = postSolution
		SolutionGuid = {EAFF4174-D33F-4834-B25D-866703BCA375}
	EndGlobalSection
EndGlobal
